{
  "name": "y",
  "version": "1.0.0",
  "lockfileVersion": 3,
  "requires": true,
  "packages": {
    "": {
      "name": "y",
      "version": "1.0.0",
      "license": "ISC",
      "dependencies": {
        "@use-gesture/vanilla": "^10.2.27",
        "gsap": "^3.11.5",
        "lethargy": "^1.0.9",
        "lil-gui": "^0.18.1",
        "three": "^0.151.3",
        "virtual-scroll": "^2.2.1"
      }
    },
    "node_modules/@use-gesture/core": {
      "version": "10.2.27",
      "resolved": "https://registry.npmjs.org/@use-gesture/core/-/core-10.2.27.tgz",
      "integrity": "sha512-V4XV7hn9GAD2MYu8yBBVi5iuWBsAMfjPRMsEVzoTNGYH72tf0kFP+OKqGKc8YJFQIJx6yj+AOqxmEHOmx2/MEA=="
    },
    "node_modules/@use-gesture/vanilla": {
      "version": "10.2.27",
      "resolved": "https://registry.npmjs.org/@use-gesture/vanilla/-/vanilla-10.2.27.tgz",
      "integrity": "sha512-K/9bpGgEm5mqFsWmMCEIJyBhJ/cgC52oRgQTsM+JTxNGe5Vz9mvecH9MaSuyItXRlvOy2nbJqaK+h/TGRbparA==",
      "dependencies": {
        "@use-gesture/core": "10.2.27"
      }
    },
    "node_modules/gsap": {
      "version": "3.11.5",
      "resolved": "https://registry.npmjs.org/gsap/-/gsap-3.11.5.tgz",
      "integrity": "sha512-Q89nKCLgoX5xUjznh9LcaIUkz54k1voNucT1Rpf9SJNFIQznBwFqt5qUUQbeVInFyN/n18OUJkpeI6CNEDt74w=="
    },
    "node_modules/lethargy": {
      "version": "1.0.9",
      "resolved": "https://registry.npmjs.org/lethargy/-/lethargy-1.0.9.tgz",
      "integrity": "sha512-nFM8blpCF9rqIL5mRAaTGc78W8oQixVtsD86jbEPvcI13+lDUYJf3R7DZQQL7tCiBpbGpGKMX2gwJFO9hiaOkg=="
    },
    "node_modules/lil-gui": {
      "version": "0.18.1",
      "resolved": "https://registry.npmjs.org/lil-gui/-/lil-gui-0.18.1.tgz",
      "integrity": "sha512-nsDJLflFGro81hcGqaiDNBEKgkMKNF9okmMmW3Xc6sPXP1zyfD3oIftyctvBQD2iTIUgWDw6CuME1IQZD+OvLw=="
    },
    "node_modules/three": {
      "version": "0.151.3",
      "resolved": "https://registry.npmjs.org/three/-/three-0.151.3.tgz",
      "integrity": "sha512-+vbuqxFy8kzLeO5MgpBHUvP/EAiecaDwDuOPPDe6SbrZr96kccF0ktLngXc7xA7bzyd3N0t2f6mw3Z9y6JCojQ=="
    },
    "node_modules/tiny-emitter": {
      "version": "2.1.0",
      "resolved": "https://registry.npmjs.org/tiny-emitter/-/tiny-emitter-2.1.0.tgz",
      "integrity": "sha512-NB6Dk1A9xgQPMoGqC5CVXn123gWyte215ONT5Pp5a0yt4nlEoO1ZWeCwpncaekPHXO60i47ihFnZPiRPjRMq4Q=="
    },
    "node_modules/virtual-scroll": {
      "version": "2.2.1",
      "resolved": "https://registry.npmjs.org/virtual-scroll/-/virtual-scroll-2.2.1.tgz",
      "integrity": "sha512-RvjcLxluh7B/6GPzLgQ9d0NYG4yqEguTc3MU7AvxyPVltuo2Cq5RokTL9RKUaZCMJ64in2hus0d03gTtoHp55g==",
      "dependencies": {
        "tiny-emitter": "^2.1.0"
      }
    }
  }
}
